<?xml version="1.0" encoding="UTF-8"?>
<CodeBlocks_project_file>
	<FileVersion major="1" minor="6"/>
	<Project>
		<Option title="CDJudger"/>
		<Option makefile_is_custom="1"/>
		<Option compiler="gcc"/>
		<Option virtualFolders="CMake Files\;"/>
		<Build>
			<Target title="all">
				<Option working_dir="/home/keane/Documents/OnlineJudge/CDJudger"/>
				<Option type="4"/>
				<MakeCommands>
					<Build command="/usr/bin/make -f &quot;/home/keane/Documents/OnlineJudge/CDJudger/Makefile&quot;  VERBOSE=1 all"/>
					<CompileFile command="/usr/bin/make -f &quot;/home/keane/Documents/OnlineJudge/CDJudger/Makefile&quot;  VERBOSE=1 &quot;$file&quot;"/>
					<Clean command="/usr/bin/make -f &quot;/home/keane/Documents/OnlineJudge/CDJudger/Makefile&quot;  VERBOSE=1 clean"/>
					<DistClean command="/usr/bin/make -f &quot;/home/keane/Documents/OnlineJudge/CDJudger/Makefile&quot;  VERBOSE=1 clean"/>
				</MakeCommands>
			</Target>
			<Target title="edit_cache">
				<Option working_dir="/home/keane/Documents/OnlineJudge/CDJudger"/>
				<Option type="4"/>
				<MakeCommands>
					<Build command="/usr/bin/make -f &quot;/home/keane/Documents/OnlineJudge/CDJudger/Makefile&quot;  VERBOSE=1 edit_cache"/>
					<CompileFile command="/usr/bin/make -f &quot;/home/keane/Documents/OnlineJudge/CDJudger/Makefile&quot;  VERBOSE=1 &quot;$file&quot;"/>
					<Clean command="/usr/bin/make -f &quot;/home/keane/Documents/OnlineJudge/CDJudger/Makefile&quot;  VERBOSE=1 clean"/>
					<DistClean command="/usr/bin/make -f &quot;/home/keane/Documents/OnlineJudge/CDJudger/Makefile&quot;  VERBOSE=1 clean"/>
				</MakeCommands>
			</Target>
			<Target title="rebuild_cache">
				<Option working_dir="/home/keane/Documents/OnlineJudge/CDJudger"/>
				<Option type="4"/>
				<MakeCommands>
					<Build command="/usr/bin/make -f &quot;/home/keane/Documents/OnlineJudge/CDJudger/Makefile&quot;  VERBOSE=1 rebuild_cache"/>
					<CompileFile command="/usr/bin/make -f &quot;/home/keane/Documents/OnlineJudge/CDJudger/Makefile&quot;  VERBOSE=1 &quot;$file&quot;"/>
					<Clean command="/usr/bin/make -f &quot;/home/keane/Documents/OnlineJudge/CDJudger/Makefile&quot;  VERBOSE=1 clean"/>
					<DistClean command="/usr/bin/make -f &quot;/home/keane/Documents/OnlineJudge/CDJudger/Makefile&quot;  VERBOSE=1 clean"/>
				</MakeCommands>
			</Target>
			<Target title="CDJudger">
				<Option output="/home/keane/Documents/OnlineJudge/CDJudger/CDJudger" prefix_auto="0" extension_auto="0"/>
				<Option working_dir="/home/keane/Documents/OnlineJudge/CDJudger"/>
				<Option object_output="./"/>
				<Option type="1"/>
				<Option compiler="gcc"/>
				<Compiler/>
				<MakeCommands>
					<Build command="/usr/bin/make -f &quot;/home/keane/Documents/OnlineJudge/CDJudger/Makefile&quot;  VERBOSE=1 CDJudger"/>
					<CompileFile command="/usr/bin/make -f &quot;/home/keane/Documents/OnlineJudge/CDJudger/Makefile&quot;  VERBOSE=1 &quot;$file&quot;"/>
					<Clean command="/usr/bin/make -f &quot;/home/keane/Documents/OnlineJudge/CDJudger/Makefile&quot;  VERBOSE=1 clean"/>
					<DistClean command="/usr/bin/make -f &quot;/home/keane/Documents/OnlineJudge/CDJudger/Makefile&quot;  VERBOSE=1 clean"/>
				</MakeCommands>
			</Target>
			<Target title="CDJudger/fast">
				<Option output="/home/keane/Documents/OnlineJudge/CDJudger/CDJudger" prefix_auto="0" extension_auto="0"/>
				<Option working_dir="/home/keane/Documents/OnlineJudge/CDJudger"/>
				<Option object_output="./"/>
				<Option type="1"/>
				<Option compiler="gcc"/>
				<Compiler/>
				<MakeCommands>
					<Build command="/usr/bin/make -f &quot;/home/keane/Documents/OnlineJudge/CDJudger/Makefile&quot;  VERBOSE=1 CDJudger/fast"/>
					<CompileFile command="/usr/bin/make -f &quot;/home/keane/Documents/OnlineJudge/CDJudger/Makefile&quot;  VERBOSE=1 &quot;$file&quot;"/>
					<Clean command="/usr/bin/make -f &quot;/home/keane/Documents/OnlineJudge/CDJudger/Makefile&quot;  VERBOSE=1 clean"/>
					<DistClean command="/usr/bin/make -f &quot;/home/keane/Documents/OnlineJudge/CDJudger/Makefile&quot;  VERBOSE=1 clean"/>
				</MakeCommands>
			</Target>
		</Build>
		<Unit filename="/home/keane/Documents/OnlineJudge/CDJudger/src/main.cpp">
			<Option target="CDJudger"/>
		</Unit>
		<Unit filename="/home/keane/Documents/OnlineJudge/CDJudger/CMakeLists.txt">
			<Option virtualFolder="CMake Files\"/>
		</Unit>
	</Project>
</CodeBlocks_project_file>
